
Microsoft Visual Studio Solution File, Format Version 12.00
# Visual Studio Version 16
VisualStudioVersion = 16.0.29709.97
MinimumVisualStudioVersion = 10.0.40219.1
Project("{9A19103F-16F7-4668-BE54-9A1E7A4F7556}") = "MyClassLibrary", "MyClassLibrary\MyClassLibrary.csproj", "{0397D6FC-6F6B-4256-8B5A-F8B677730578}"
EndProject
Project("{9A19103F-16F7-4668-BE54-9A1E7A4F7556}") = "UnitTestProject", "UnitTestProject\UnitTestProject.csproj", "{3215874C-B802-48F6-9840-2089FC4F1F0C}"
EndProject
Project("{9A19103F-16F7-4668-BE54-9A1E7A4F7556}") = "MyClassLibraryBenchmark", "MyClassLibraryBenchmark\MyClassLibraryBenchmark.csproj", "{73CD6700-16D6-4CE7-9890-321405E52E9C}"
EndProject
Project("{9A19103F-16F7-4668-BE54-9A1E7A4F7556}") = "MyClassLibrary.Learning", "MyClassLibrary.Learning\MyClassLibrary.Learning.csproj", "{7B60F2FC-801D-4045-8281-03482DADFAA9}"
EndProject
Global
	GlobalSection(SolutionConfigurationPlatforms) = preSolution
		Debug|Any CPU = Debug|Any CPU
		Debug|x64 = Debug|x64
		Debug|x86 = Debug|x86
		Release|Any CPU = Release|Any CPU
		Release|x64 = Release|x64
		Release|x86 = Release|x86
	EndGlobalSection
	GlobalSection(ProjectConfigurationPlatforms) = postSolution
		{0397D6FC-6F6B-4256-8B5A-F8B677730578}.Debug|Any CPU.ActiveCfg = Debug|Any CPU
		{0397D6FC-6F6B-4256-8B5A-F8B677730578}.Debug|Any CPU.Build.0 = Debug|Any CPU
		{0397D6FC-6F6B-4256-8B5A-F8B677730578}.Debug|x64.ActiveCfg = Debug|Any CPU
		{0397D6FC-6F6B-4256-8B5A-F8B677730578}.Debug|x64.Build.0 = Debug|Any CPU
		{0397D6FC-6F6B-4256-8B5A-F8B677730578}.Debug|x86.ActiveCfg = Debug|Any CPU
		{0397D6FC-6F6B-4256-8B5A-F8B677730578}.Debug|x86.Build.0 = Debug|Any CPU
		{0397D6FC-6F6B-4256-8B5A-F8B677730578}.Release|Any CPU.ActiveCfg = Release|Any CPU
		{0397D6FC-6F6B-4256-8B5A-F8B677730578}.Release|Any CPU.Build.0 = Release|Any CPU
		{0397D6FC-6F6B-4256-8B5A-F8B677730578}.Release|x64.ActiveCfg = Release|Any CPU
		{0397D6FC-6F6B-4256-8B5A-F8B677730578}.Release|x64.Build.0 = Release|Any CPU
		{0397D6FC-6F6B-4256-8B5A-F8B677730578}.Release|x86.ActiveCfg = Release|Any CPU
		{0397D6FC-6F6B-4256-8B5A-F8B677730578}.Release|x86.Build.0 = Release|Any CPU
		{3215874C-B802-48F6-9840-2089FC4F1F0C}.Debug|Any CPU.ActiveCfg = Debug|Any CPU
		{3215874C-B802-48F6-9840-2089FC4F1F0C}.Debug|Any CPU.Build.0 = Debug|Any CPU
		{3215874C-B802-48F6-9840-2089FC4F1F0C}.Debug|x64.ActiveCfg = Debug|Any CPU
		{3215874C-B802-48F6-9840-2089FC4F1F0C}.Debug|x64.Build.0 = Debug|Any CPU
		{3215874C-B802-48F6-9840-2089FC4F1F0C}.Debug|x86.ActiveCfg = Debug|Any CPU
		{3215874C-B802-48F6-9840-2089FC4F1F0C}.Debug|x86.Build.0 = Debug|Any CPU
		{3215874C-B802-48F6-9840-2089FC4F1F0C}.Release|Any CPU.ActiveCfg = Release|Any CPU
		{3215874C-B802-48F6-9840-2089FC4F1F0C}.Release|Any CPU.Build.0 = Release|Any CPU
		{3215874C-B802-48F6-9840-2089FC4F1F0C}.Release|x64.ActiveCfg = Release|Any CPU
		{3215874C-B802-48F6-9840-2089FC4F1F0C}.Release|x64.Build.0 = Release|Any CPU
		{3215874C-B802-48F6-9840-2089FC4F1F0C}.Release|x86.ActiveCfg = Release|Any CPU
		{3215874C-B802-48F6-9840-2089FC4F1F0C}.Release|x86.Build.0 = Release|Any CPU
		{73CD6700-16D6-4CE7-9890-321405E52E9C}.Debug|Any CPU.ActiveCfg = Debug|Any CPU
		{73CD6700-16D6-4CE7-9890-321405E52E9C}.Debug|Any CPU.Build.0 = Debug|Any CPU
		{73CD6700-16D6-4CE7-9890-321405E52E9C}.Debug|x64.ActiveCfg = Debug|Any CPU
		{73CD6700-16D6-4CE7-9890-321405E52E9C}.Debug|x64.Build.0 = Debug|Any CPU
		{73CD6700-16D6-4CE7-9890-321405E52E9C}.Debug|x86.ActiveCfg = Debug|Any CPU
		{73CD6700-16D6-4CE7-9890-321405E52E9C}.Debug|x86.Build.0 = Debug|Any CPU
		{73CD6700-16D6-4CE7-9890-321405E52E9C}.Release|Any CPU.ActiveCfg = Release|Any CPU
		{73CD6700-16D6-4CE7-9890-321405E52E9C}.Release|Any CPU.Build.0 = Release|Any CPU
		{73CD6700-16D6-4CE7-9890-321405E52E9C}.Release|x64.ActiveCfg = Release|Any CPU
		{73CD6700-16D6-4CE7-9890-321405E52E9C}.Release|x64.Build.0 = Release|Any CPU
		{73CD6700-16D6-4CE7-9890-321405E52E9C}.Release|x86.ActiveCfg = Release|Any CPU
		{73CD6700-16D6-4CE7-9890-321405E52E9C}.Release|x86.Build.0 = Release|Any CPU
		{7B60F2FC-801D-4045-8281-03482DADFAA9}.Debug|Any CPU.ActiveCfg = Debug|Any CPU
		{7B60F2FC-801D-4045-8281-03482DADFAA9}.Debug|Any CPU.Build.0 = Debug|Any CPU
		{7B60F2FC-801D-4045-8281-03482DADFAA9}.Debug|x64.ActiveCfg = Debug|Any CPU
		{7B60F2FC-801D-4045-8281-03482DADFAA9}.Debug|x64.Build.0 = Debug|Any CPU
		{7B60F2FC-801D-4045-8281-03482DADFAA9}.Debug|x86.ActiveCfg = Debug|Any CPU
		{7B60F2FC-801D-4045-8281-03482DADFAA9}.Debug|x86.Build.0 = Debug|Any CPU
		{7B60F2FC-801D-4045-8281-03482DADFAA9}.Release|Any CPU.ActiveCfg = Release|Any CPU
		{7B60F2FC-801D-4045-8281-03482DADFAA9}.Release|Any CPU.Build.0 = Release|Any CPU
		{7B60F2FC-801D-4045-8281-03482DADFAA9}.Release|x64.ActiveCfg = Release|Any CPU
		{7B60F2FC-801D-4045-8281-03482DADFAA9}.Release|x64.Build.0 = Release|Any CPU
		{7B60F2FC-801D-4045-8281-03482DADFAA9}.Release|x86.ActiveCfg = Release|Any CPU
		{7B60F2FC-801D-4045-8281-03482DADFAA9}.Release|x86.Build.0 = Release|Any CPU
	EndGlobalSection
	GlobalSection(SolutionProperties) = preSolution
		HideSolutionNode = FALSE
	EndGlobalSection
	GlobalSection(ExtensibilityGlobals) = postSolution
		SolutionGuid = {A104A95B-5789-48F3-A78C-2897A1E215F3}
	EndGlobalSection
EndGlobal
